lockfileVersion: 5.3

importers:

  .:
    specifiers:
      turbo: ^1.1.6
    devDependencies:
      turbo: 1.1.6

  apps/api:
    specifiers:
      tsconfig: workspace:*
    devDependencies:
      tsconfig: link:../../packages/tsconfig

  packages/tsconfig:
    specifiers: {}

packages:

  /turbo-darwin-64/1.1.6:
    resolution: {integrity: sha512-xzl79T7mPKaIGhMBCAzpTvXkbFNZaMyeOMsNXxVT5dTY+d3FwLFfbqHIoG1dH745TbH6i67bxtt70lKdQa+qdQ==}
    cpu: [x64]
    os: [darwin]
    requiresBuild: true
    dev: true
    optional: true

  /turbo-darwin-arm64/1.1.6:
    resolution: {integrity: sha512-r0D+Kfwcaqec5h9Xa4T/VD6mWZ2LQr+zOEBBL6UA15htgel06B2eXiGdjRiw4i7ieV80tEBEDdz9tSWJBhAL/Q==}
    cpu: [arm64]
    os: [darwin]
    requiresBuild: true
    dev: true
    optional: true

  /turbo-freebsd-64/1.1.6:
    resolution: {integrity: sha512-v5MJeRcyeCDF3La40TOub0+/OuGGFuLzlVHb4jYxthESbtLve1H23bDiL+4gCQgPYOsKMOvKQpuoMaKW2gxk7A==}
    cpu: [x64]
    os: [freebsd]
    requiresBuild: true
    dev: true
    optional: true

  /turbo-freebsd-arm64/1.1.6:
    resolution: {integrity: sha512-5gm3r+M5f/Idt/pggyCQ+MZSlaUdxUeb/4LtPohhWOoj4PYo1o5kwInaRlckr7uV36E4/npDvz9cDV96Pohejg==}
    cpu: [arm64]
    os: [freebsd]
    requiresBuild: true
    dev: true
    optional: true

  /turbo-linux-32/1.1.6:
    resolution: {integrity: sha512-dLc1Vd/LQP5n3NGLMf+cdaK99sMWvHdDvTUSrSwoYDy5fWFpUm0E12lAxRH3tikX2m7Kfcy2uY5xSJIuq5xzYQ==}
    cpu: [ia32]
    os: [linux]
    requiresBuild: true
    dev: true
    optional: true

  /turbo-linux-64/1.1.6:
    resolution: {integrity: sha512-V4rb41yQUA+vPDgXc06oHmKbgrBUbwm09oRtjvmlIQU8zX8qujMPZIun8tGP4NuzErJXGzD3WDgj7VSsO23IIw==}
    cpu: [x64]
    os: [linux]
    requiresBuild: true
    dev: true
    optional: true

  /turbo-linux-arm/1.1.6:
    resolution: {integrity: sha512-zAaIa0+EhRYYkM51ruB1LCUqyeigK66A+KfXZ3Y9+aiKg7EYbDvuv+ReD4srLPKoIuAxR5dYlk5RVhSKejt2Cw==}
    cpu: [arm]
    os: [linux]
    requiresBuild: true
    dev: true
    optional: true

  /turbo-linux-arm64/1.1.6:
    resolution: {integrity: sha512-QsE7gow3WxWXKwNWJX4DIJys6xc6Up4/icjdTZCZbglPLwuG2UiUzjJ2+beXxVU4EmpQF6NwKubHCtrs8m8/kQ==}
    cpu: [arm64]
    os: [linux]
    requiresBuild: true
    dev: true
    optional: true

  /turbo-linux-mips64le/1.1.6:
    resolution: {integrity: sha512-098DB9daXoI6LRCkuOv1Pqim+H4wXZrFza9Xd7zJIel1WmxEgNsHqWpSH5Jn2J92LbkWl+tfN1+myw4+a4ESfw==}
    cpu: [mips64el]
    os: [linux]
    requiresBuild: true
    dev: true
    optional: true

  /turbo-linux-ppc64le/1.1.6:
    resolution: {integrity: sha512-U5A1mnsGM994h/1VT4FbsV/bb+I0fgvkY5/TTX7MfA9Iwt0SxsNlh+Jgofe1svPz0CKEe6Hl2WQSGHTlBPJb5Q==}
    cpu: [ppc64]
    os: [linux]
    requiresBuild: true
    dev: true
    optional: true

  /turbo-windows-32/1.1.6:
    resolution: {integrity: sha512-0C+/EI11j8ABtI6O2n+NYL2osDI6moo7YL8pqiWbNrdEGI2KbeCTVQpruUH+GONsMov06pR4BouL9UT2jSpG0g==}
    cpu: [ia32]
    os: [win32]
    requiresBuild: true
    dev: true
    optional: true

  /turbo-windows-64/1.1.6:
    resolution: {integrity: sha512-O2kC+7+zuMjFIi6mpU1qz+Bv27TcHkkCczcDNVU29G52pm5lwj7BZ+/gu+EPJSnF5VrgdA6Oru6KVXPRS1q+Cg==}
    cpu: [x64]
    os: [win32]
    requiresBuild: true
    dev: true
    optional: true

  /turbo/1.1.6:
    resolution: {integrity: sha512-pZTc6Sb5MtK/X/qhiDSssc8AZWoUoYf14ZqYjvDWg/aEtqgwYorVJqfRcj4XOXOqtVZ3gO/91eXwdyh/q2aQHA==}
    hasBin: true
    requiresBuild: true
    optionalDependencies:
      turbo-darwin-64: 1.1.6
      turbo-darwin-arm64: 1.1.6
      turbo-freebsd-64: 1.1.6
      turbo-freebsd-arm64: 1.1.6
      turbo-linux-32: 1.1.6
      turbo-linux-64: 1.1.6
      turbo-linux-arm: 1.1.6
      turbo-linux-arm64: 1.1.6
      turbo-linux-mips64le: 1.1.6
      turbo-linux-ppc64le: 1.1.6
      turbo-windows-32: 1.1.6
      turbo-windows-64: 1.1.6
    dev: true
